"@sentry/cli@^1.74.6":
  version "1.76.0"
  resolved "https://registry.npmmirror.com/@sentry/cli/-/cli-1.76.0.tgz#3d48248a4fec2fee7c4d30320c563c91c75290ec"
  integrity sha512-56bVyUJoi52dop/rFEaSoU4AfVRXpR6M+nZBwN1iGUAwdfBrarNbtmIOjfgPi+tVzVB5ck09PzVXG6zeBqJJcA==
  dependencies:
    https-proxy-agent "^5.0.0"
    mkdirp "^0.5.5"
    node-fetch "^2.6.7"
    progress "^2.0.3"
    proxy-from-env "^1.1.0"
    which "^2.0.2"
